
Microsoft Visual Studio Solution File, Format Version 12.00
# Visual Studio 15
VisualStudioVersion = 15.0.26228.9
MinimumVisualStudioVersion = 10.0.40219.1
Project("{FAE04EC0-301F-11D3-BF4B-00C04F79EFBC}") = "UWPDemo", "UWPDemo\UWPDemo.csproj", "{A5D46094-5C94-4C82-8843-2E294D088EE6}"
EndProject
Project("{FAE04EC0-301F-11D3-BF4B-00C04F79EFBC}") = "NavigationExample", "NavigationExample\NavigationExample.csproj", "{5972D4FB-3561-4ACA-B86C-E8CDDED49968}"
EndProject
Project("{FAE04EC0-301F-11D3-BF4B-00C04F79EFBC}") = "ControlsExample", "ControlsExample\ControlsExample.csproj", "{B7D92B24-2CDF-4DFA-BA4E-B9E013843C94}"
EndProject
Project("{FAE04EC0-301F-11D3-BF4B-00C04F79EFBC}") = "HamburgerExample", "HamburgerExample\HamburgerExample.csproj", "{3A33EA1A-8926-48B5-8E10-AEDFF3D60096}"
EndProject
Project("{FAE04EC0-301F-11D3-BF4B-00C04F79EFBC}") = "FolderEnumeration", "FolderEnumeration\FolderEnumeration.csproj", "{8891C217-C337-4EAF-8C01-935D9B2C16E5}"
EndProject
Project("{FAE04EC0-301F-11D3-BF4B-00C04F79EFBC}") = "FileAccess", "FileAccess\FileAccess.csproj", "{315F6006-03BC-4280-9001-FEE4A4E8AD1A}"
EndProject
Project("{FAE04EC0-301F-11D3-BF4B-00C04F79EFBC}") = "Quickstart", "Quickstart\Quickstart.csproj", "{DB0811FA-9FC2-472A-9489-498E11BB0A7E}"
EndProject
Project("{FAE04EC0-301F-11D3-BF4B-00C04F79EFBC}") = "xBindExample", "xBIndExample\xBindExample.csproj", "{16E1B534-F16A-461D-9EE1-3F76C80ECA9E}"
EndProject
Global
	GlobalSection(SolutionConfigurationPlatforms) = preSolution
		Debug|ARM = Debug|ARM
		Debug|x64 = Debug|x64
		Debug|x86 = Debug|x86
		Release|ARM = Release|ARM
		Release|x64 = Release|x64
		Release|x86 = Release|x86
	EndGlobalSection
	GlobalSection(ProjectConfigurationPlatforms) = postSolution
		{A5D46094-5C94-4C82-8843-2E294D088EE6}.Debug|ARM.ActiveCfg = Debug|ARM
		{A5D46094-5C94-4C82-8843-2E294D088EE6}.Debug|ARM.Build.0 = Debug|ARM
		{A5D46094-5C94-4C82-8843-2E294D088EE6}.Debug|ARM.Deploy.0 = Debug|ARM
		{A5D46094-5C94-4C82-8843-2E294D088EE6}.Debug|x64.ActiveCfg = Debug|x64
		{A5D46094-5C94-4C82-8843-2E294D088EE6}.Debug|x64.Build.0 = Debug|x64
		{A5D46094-5C94-4C82-8843-2E294D088EE6}.Debug|x64.Deploy.0 = Debug|x64
		{A5D46094-5C94-4C82-8843-2E294D088EE6}.Debug|x86.ActiveCfg = Debug|x86
		{A5D46094-5C94-4C82-8843-2E294D088EE6}.Debug|x86.Build.0 = Debug|x86
		{A5D46094-5C94-4C82-8843-2E294D088EE6}.Debug|x86.Deploy.0 = Debug|x86
		{A5D46094-5C94-4C82-8843-2E294D088EE6}.Release|ARM.ActiveCfg = Release|ARM
		{A5D46094-5C94-4C82-8843-2E294D088EE6}.Release|ARM.Build.0 = Release|ARM
		{A5D46094-5C94-4C82-8843-2E294D088EE6}.Release|ARM.Deploy.0 = Release|ARM
		{A5D46094-5C94-4C82-8843-2E294D088EE6}.Release|x64.ActiveCfg = Release|x64
		{A5D46094-5C94-4C82-8843-2E294D088EE6}.Release|x64.Build.0 = Release|x64
		{A5D46094-5C94-4C82-8843-2E294D088EE6}.Release|x64.Deploy.0 = Release|x64
		{A5D46094-5C94-4C82-8843-2E294D088EE6}.Release|x86.ActiveCfg = Release|x86
		{A5D46094-5C94-4C82-8843-2E294D088EE6}.Release|x86.Build.0 = Release|x86
		{A5D46094-5C94-4C82-8843-2E294D088EE6}.Release|x86.Deploy.0 = Release|x86
		{5972D4FB-3561-4ACA-B86C-E8CDDED49968}.Debug|ARM.ActiveCfg = Debug|ARM
		{5972D4FB-3561-4ACA-B86C-E8CDDED49968}.Debug|ARM.Build.0 = Debug|ARM
		{5972D4FB-3561-4ACA-B86C-E8CDDED49968}.Debug|ARM.Deploy.0 = Debug|ARM
		{5972D4FB-3561-4ACA-B86C-E8CDDED49968}.Debug|x64.ActiveCfg = Debug|x64
		{5972D4FB-3561-4ACA-B86C-E8CDDED49968}.Debug|x64.Build.0 = Debug|x64
		{5972D4FB-3561-4ACA-B86C-E8CDDED49968}.Debug|x64.Deploy.0 = Debug|x64
		{5972D4FB-3561-4ACA-B86C-E8CDDED49968}.Debug|x86.ActiveCfg = Debug|x86
		{5972D4FB-3561-4ACA-B86C-E8CDDED49968}.Debug|x86.Build.0 = Debug|x86
		{5972D4FB-3561-4ACA-B86C-E8CDDED49968}.Debug|x86.Deploy.0 = Debug|x86
		{5972D4FB-3561-4ACA-B86C-E8CDDED49968}.Release|ARM.ActiveCfg = Release|ARM
		{5972D4FB-3561-4ACA-B86C-E8CDDED49968}.Release|ARM.Build.0 = Release|ARM
		{5972D4FB-3561-4ACA-B86C-E8CDDED49968}.Release|ARM.Deploy.0 = Release|ARM
		{5972D4FB-3561-4ACA-B86C-E8CDDED49968}.Release|x64.ActiveCfg = Release|x64
		{5972D4FB-3561-4ACA-B86C-E8CDDED49968}.Release|x64.Build.0 = Release|x64
		{5972D4FB-3561-4ACA-B86C-E8CDDED49968}.Release|x64.Deploy.0 = Release|x64
		{5972D4FB-3561-4ACA-B86C-E8CDDED49968}.Release|x86.ActiveCfg = Release|x86
		{5972D4FB-3561-4ACA-B86C-E8CDDED49968}.Release|x86.Build.0 = Release|x86
		{5972D4FB-3561-4ACA-B86C-E8CDDED49968}.Release|x86.Deploy.0 = Release|x86
		{B7D92B24-2CDF-4DFA-BA4E-B9E013843C94}.Debug|ARM.ActiveCfg = Debug|ARM
		{B7D92B24-2CDF-4DFA-BA4E-B9E013843C94}.Debug|ARM.Build.0 = Debug|ARM
		{B7D92B24-2CDF-4DFA-BA4E-B9E013843C94}.Debug|ARM.Deploy.0 = Debug|ARM
		{B7D92B24-2CDF-4DFA-BA4E-B9E013843C94}.Debug|x64.ActiveCfg = Debug|x64
		{B7D92B24-2CDF-4DFA-BA4E-B9E013843C94}.Debug|x64.Build.0 = Debug|x64
		{B7D92B24-2CDF-4DFA-BA4E-B9E013843C94}.Debug|x64.Deploy.0 = Debug|x64
		{B7D92B24-2CDF-4DFA-BA4E-B9E013843C94}.Debug|x86.ActiveCfg = Debug|x86
		{B7D92B24-2CDF-4DFA-BA4E-B9E013843C94}.Debug|x86.Build.0 = Debug|x86
		{B7D92B24-2CDF-4DFA-BA4E-B9E013843C94}.Debug|x86.Deploy.0 = Debug|x86
		{B7D92B24-2CDF-4DFA-BA4E-B9E013843C94}.Release|ARM.ActiveCfg = Release|ARM
		{B7D92B24-2CDF-4DFA-BA4E-B9E013843C94}.Release|ARM.Build.0 = Release|ARM
		{B7D92B24-2CDF-4DFA-BA4E-B9E013843C94}.Release|ARM.Deploy.0 = Release|ARM
		{B7D92B24-2CDF-4DFA-BA4E-B9E013843C94}.Release|x64.ActiveCfg = Release|x64
		{B7D92B24-2CDF-4DFA-BA4E-B9E013843C94}.Release|x64.Build.0 = Release|x64
		{B7D92B24-2CDF-4DFA-BA4E-B9E013843C94}.Release|x64.Deploy.0 = Release|x64
		{B7D92B24-2CDF-4DFA-BA4E-B9E013843C94}.Release|x86.ActiveCfg = Release|x86
		{B7D92B24-2CDF-4DFA-BA4E-B9E013843C94}.Release|x86.Build.0 = Release|x86
		{B7D92B24-2CDF-4DFA-BA4E-B9E013843C94}.Release|x86.Deploy.0 = Release|x86
		{3A33EA1A-8926-48B5-8E10-AEDFF3D60096}.Debug|ARM.ActiveCfg = Debug|ARM
		{3A33EA1A-8926-48B5-8E10-AEDFF3D60096}.Debug|ARM.Build.0 = Debug|ARM
		{3A33EA1A-8926-48B5-8E10-AEDFF3D60096}.Debug|ARM.Deploy.0 = Debug|ARM
		{3A33EA1A-8926-48B5-8E10-AEDFF3D60096}.Debug|x64.ActiveCfg = Debug|x64
		{3A33EA1A-8926-48B5-8E10-AEDFF3D60096}.Debug|x64.Build.0 = Debug|x64
		{3A33EA1A-8926-48B5-8E10-AEDFF3D60096}.Debug|x64.Deploy.0 = Debug|x64
		{3A33EA1A-8926-48B5-8E10-AEDFF3D60096}.Debug|x86.ActiveCfg = Debug|x86
		{3A33EA1A-8926-48B5-8E10-AEDFF3D60096}.Debug|x86.Build.0 = Debug|x86
		{3A33EA1A-8926-48B5-8E10-AEDFF3D60096}.Debug|x86.Deploy.0 = Debug|x86
		{3A33EA1A-8926-48B5-8E10-AEDFF3D60096}.Release|ARM.ActiveCfg = Release|ARM
		{3A33EA1A-8926-48B5-8E10-AEDFF3D60096}.Release|ARM.Build.0 = Release|ARM
		{3A33EA1A-8926-48B5-8E10-AEDFF3D60096}.Release|ARM.Deploy.0 = Release|ARM
		{3A33EA1A-8926-48B5-8E10-AEDFF3D60096}.Release|x64.ActiveCfg = Release|x64
		{3A33EA1A-8926-48B5-8E10-AEDFF3D60096}.Release|x64.Build.0 = Release|x64
		{3A33EA1A-8926-48B5-8E10-AEDFF3D60096}.Release|x64.Deploy.0 = Release|x64
		{3A33EA1A-8926-48B5-8E10-AEDFF3D60096}.Release|x86.ActiveCfg = Release|x86
		{3A33EA1A-8926-48B5-8E10-AEDFF3D60096}.Release|x86.Build.0 = Release|x86
		{3A33EA1A-8926-48B5-8E10-AEDFF3D60096}.Release|x86.Deploy.0 = Release|x86
		{8891C217-C337-4EAF-8C01-935D9B2C16E5}.Debug|ARM.ActiveCfg = Debug|ARM
		{8891C217-C337-4EAF-8C01-935D9B2C16E5}.Debug|ARM.Build.0 = Debug|ARM
		{8891C217-C337-4EAF-8C01-935D9B2C16E5}.Debug|ARM.Deploy.0 = Debug|ARM
		{8891C217-C337-4EAF-8C01-935D9B2C16E5}.Debug|x64.ActiveCfg = Debug|x64
		{8891C217-C337-4EAF-8C01-935D9B2C16E5}.Debug|x64.Build.0 = Debug|x64
		{8891C217-C337-4EAF-8C01-935D9B2C16E5}.Debug|x64.Deploy.0 = Debug|x64
		{8891C217-C337-4EAF-8C01-935D9B2C16E5}.Debug|x86.ActiveCfg = Debug|x86
		{8891C217-C337-4EAF-8C01-935D9B2C16E5}.Debug|x86.Build.0 = Debug|x86
		{8891C217-C337-4EAF-8C01-935D9B2C16E5}.Debug|x86.Deploy.0 = Debug|x86
		{8891C217-C337-4EAF-8C01-935D9B2C16E5}.Release|ARM.ActiveCfg = Release|ARM
		{8891C217-C337-4EAF-8C01-935D9B2C16E5}.Release|ARM.Build.0 = Release|ARM
		{8891C217-C337-4EAF-8C01-935D9B2C16E5}.Release|ARM.Deploy.0 = Release|ARM
		{8891C217-C337-4EAF-8C01-935D9B2C16E5}.Release|x64.ActiveCfg = Release|x64
		{8891C217-C337-4EAF-8C01-935D9B2C16E5}.Release|x64.Build.0 = Release|x64
		{8891C217-C337-4EAF-8C01-935D9B2C16E5}.Release|x64.Deploy.0 = Release|x64
		{8891C217-C337-4EAF-8C01-935D9B2C16E5}.Release|x86.ActiveCfg = Release|x86
		{8891C217-C337-4EAF-8C01-935D9B2C16E5}.Release|x86.Build.0 = Release|x86
		{8891C217-C337-4EAF-8C01-935D9B2C16E5}.Release|x86.Deploy.0 = Release|x86
		{315F6006-03BC-4280-9001-FEE4A4E8AD1A}.Debug|ARM.ActiveCfg = Debug|ARM
		{315F6006-03BC-4280-9001-FEE4A4E8AD1A}.Debug|ARM.Build.0 = Debug|ARM
		{315F6006-03BC-4280-9001-FEE4A4E8AD1A}.Debug|ARM.Deploy.0 = Debug|ARM
		{315F6006-03BC-4280-9001-FEE4A4E8AD1A}.Debug|x64.ActiveCfg = Debug|x64
		{315F6006-03BC-4280-9001-FEE4A4E8AD1A}.Debug|x64.Build.0 = Debug|x64
		{315F6006-03BC-4280-9001-FEE4A4E8AD1A}.Debug|x64.Deploy.0 = Debug|x64
		{315F6006-03BC-4280-9001-FEE4A4E8AD1A}.Debug|x86.ActiveCfg = Debug|x86
		{315F6006-03BC-4280-9001-FEE4A4E8AD1A}.Debug|x86.Build.0 = Debug|x86
		{315F6006-03BC-4280-9001-FEE4A4E8AD1A}.Debug|x86.Deploy.0 = Debug|x86
		{315F6006-03BC-4280-9001-FEE4A4E8AD1A}.Release|ARM.ActiveCfg = Release|ARM
		{315F6006-03BC-4280-9001-FEE4A4E8AD1A}.Release|ARM.Build.0 = Release|ARM
		{315F6006-03BC-4280-9001-FEE4A4E8AD1A}.Release|ARM.Deploy.0 = Release|ARM
		{315F6006-03BC-4280-9001-FEE4A4E8AD1A}.Release|x64.ActiveCfg = Release|x64
		{315F6006-03BC-4280-9001-FEE4A4E8AD1A}.Release|x64.Build.0 = Release|x64
		{315F6006-03BC-4280-9001-FEE4A4E8AD1A}.Release|x64.Deploy.0 = Release|x64
		{315F6006-03BC-4280-9001-FEE4A4E8AD1A}.Release|x86.ActiveCfg = Release|x86
		{315F6006-03BC-4280-9001-FEE4A4E8AD1A}.Release|x86.Build.0 = Release|x86
		{315F6006-03BC-4280-9001-FEE4A4E8AD1A}.Release|x86.Deploy.0 = Release|x86
		{DB0811FA-9FC2-472A-9489-498E11BB0A7E}.Debug|ARM.ActiveCfg = Debug|ARM
		{DB0811FA-9FC2-472A-9489-498E11BB0A7E}.Debug|ARM.Build.0 = Debug|ARM
		{DB0811FA-9FC2-472A-9489-498E11BB0A7E}.Debug|ARM.Deploy.0 = Debug|ARM
		{DB0811FA-9FC2-472A-9489-498E11BB0A7E}.Debug|x64.ActiveCfg = Debug|x64
		{DB0811FA-9FC2-472A-9489-498E11BB0A7E}.Debug|x64.Build.0 = Debug|x64
		{DB0811FA-9FC2-472A-9489-498E11BB0A7E}.Debug|x64.Deploy.0 = Debug|x64
		{DB0811FA-9FC2-472A-9489-498E11BB0A7E}.Debug|x86.ActiveCfg = Debug|x86
		{DB0811FA-9FC2-472A-9489-498E11BB0A7E}.Debug|x86.Build.0 = Debug|x86
		{DB0811FA-9FC2-472A-9489-498E11BB0A7E}.Debug|x86.Deploy.0 = Debug|x86
		{DB0811FA-9FC2-472A-9489-498E11BB0A7E}.Release|ARM.ActiveCfg = Release|ARM
		{DB0811FA-9FC2-472A-9489-498E11BB0A7E}.Release|ARM.Build.0 = Release|ARM
		{DB0811FA-9FC2-472A-9489-498E11BB0A7E}.Release|ARM.Deploy.0 = Release|ARM
		{DB0811FA-9FC2-472A-9489-498E11BB0A7E}.Release|x64.ActiveCfg = Release|x64
		{DB0811FA-9FC2-472A-9489-498E11BB0A7E}.Release|x64.Build.0 = Release|x64
		{DB0811FA-9FC2-472A-9489-498E11BB0A7E}.Release|x64.Deploy.0 = Release|x64
		{DB0811FA-9FC2-472A-9489-498E11BB0A7E}.Release|x86.ActiveCfg = Release|x86
		{DB0811FA-9FC2-472A-9489-498E11BB0A7E}.Release|x86.Build.0 = Release|x86
		{DB0811FA-9FC2-472A-9489-498E11BB0A7E}.Release|x86.Deploy.0 = Release|x86
		{16E1B534-F16A-461D-9EE1-3F76C80ECA9E}.Debug|ARM.ActiveCfg = Debug|ARM
		{16E1B534-F16A-461D-9EE1-3F76C80ECA9E}.Debug|ARM.Build.0 = Debug|ARM
		{16E1B534-F16A-461D-9EE1-3F76C80ECA9E}.Debug|ARM.Deploy.0 = Debug|ARM
		{16E1B534-F16A-461D-9EE1-3F76C80ECA9E}.Debug|x64.ActiveCfg = Debug|x64
		{16E1B534-F16A-461D-9EE1-3F76C80ECA9E}.Debug|x64.Build.0 = Debug|x64
		{16E1B534-F16A-461D-9EE1-3F76C80ECA9E}.Debug|x64.Deploy.0 = Debug|x64
		{16E1B534-F16A-461D-9EE1-3F76C80ECA9E}.Debug|x86.ActiveCfg = Debug|x86
		{16E1B534-F16A-461D-9EE1-3F76C80ECA9E}.Debug|x86.Build.0 = Debug|x86
		{16E1B534-F16A-461D-9EE1-3F76C80ECA9E}.Debug|x86.Deploy.0 = Debug|x86
		{16E1B534-F16A-461D-9EE1-3F76C80ECA9E}.Release|ARM.ActiveCfg = Release|ARM
		{16E1B534-F16A-461D-9EE1-3F76C80ECA9E}.Release|ARM.Build.0 = Release|ARM
		{16E1B534-F16A-461D-9EE1-3F76C80ECA9E}.Release|ARM.Deploy.0 = Release|ARM
		{16E1B534-F16A-461D-9EE1-3F76C80ECA9E}.Release|x64.ActiveCfg = Release|x64
		{16E1B534-F16A-461D-9EE1-3F76C80ECA9E}.Release|x64.Build.0 = Release|x64
		{16E1B534-F16A-461D-9EE1-3F76C80ECA9E}.Release|x64.Deploy.0 = Release|x64
		{16E1B534-F16A-461D-9EE1-3F76C80ECA9E}.Release|x86.ActiveCfg = Release|x86
		{16E1B534-F16A-461D-9EE1-3F76C80ECA9E}.Release|x86.Build.0 = Release|x86
		{16E1B534-F16A-461D-9EE1-3F76C80ECA9E}.Release|x86.Deploy.0 = Release|x86
	EndGlobalSection
	GlobalSection(SolutionProperties) = preSolution
		HideSolutionNode = FALSE
	EndGlobalSection
EndGlobal
